
Microsoft Visual Studio Solution File, Format Version 12.00
# Visual Studio Version 17
VisualStudioVersion = 17.3.32804.467
MinimumVisualStudioVersion = 10.0.40219.1
Project("{9A19103F-16F7-4668-BE54-9A1E7A4F7556}") = "TapoConnect", "src\TapoConnect.csproj", "{CDA06F4E-6DC4-41A3-9533-F2601A63CB36}"
EndProject
Project("{9A19103F-16F7-4668-BE54-9A1E7A4F7556}") = "Test", "test\Test.csproj", "{DC2B5EDD-4071-4C27-AD20-EE2245F27F4B}"
EndProject
Project("{2150E333-8FDC-42A3-9474-1A3956D46DE8}") = "Solution Items", "Solution Items", "{B451B367-4033-42C6-AC47-E8ADE5CC5D4E}"
	ProjectSection(SolutionItems) = preProject
		.editorconfig = .editorconfig
		.gitattributes = .gitattributes
		.gitignore = .gitignore
		README.md = README.md
	EndProjectSection
EndProject
Global
	GlobalSection(SolutionConfigurationPlatforms) = preSolution
		Debug|Any CPU = Debug|Any CPU
		Release|Any CPU = Release|Any CPU
	EndGlobalSection
	GlobalSection(ProjectConfigurationPlatforms) = postSolution
		{CDA06F4E-6DC4-41A3-9533-F2601A63CB36}.Debug|Any CPU.ActiveCfg = Debug|Any CPU
		{CDA06F4E-6DC4-41A3-9533-F2601A63CB36}.Debug|Any CPU.Build.0 = Debug|Any CPU
		{CDA06F4E-6DC4-41A3-9533-F2601A63CB36}.Release|Any CPU.ActiveCfg = Release|Any CPU
		{CDA06F4E-6DC4-41A3-9533-F2601A63CB36}.Release|Any CPU.Build.0 = Release|Any CPU
		{DC2B5EDD-4071-4C27-AD20-EE2245F27F4B}.Debug|Any CPU.ActiveCfg = Debug|Any CPU
		{DC2B5EDD-4071-4C27-AD20-EE2245F27F4B}.Debug|Any CPU.Build.0 = Debug|Any CPU
		{DC2B5EDD-4071-4C27-AD20-EE2245F27F4B}.Release|Any CPU.ActiveCfg = Release|Any CPU
		{DC2B5EDD-4071-4C27-AD20-EE2245F27F4B}.Release|Any CPU.Build.0 = Release|Any CPU
	EndGlobalSection
	GlobalSection(SolutionProperties) = preSolution
		HideSolutionNode = FALSE
	EndGlobalSection
	GlobalSection(ExtensibilityGlobals) = postSolution
		SolutionGuid = {86150881-D8C5-4801-9881-0C29716B4B77}
	EndGlobalSection
EndGlobal
